
Microsoft Visual Studio Solution File, Format Version 12.00
# Visual Studio 15
VisualStudioVersion = 15.0.28307.329
MinimumVisualStudioVersion = 10.0.40219.1
Project("{FAE04EC0-301F-11D3-BF4B-00C04F79EFBC}") = "MVCproduct", "MVCproduct\MVCproduct.csproj", "{B16EFCE1-C97C-42E2-97A0-FF4E113D17B9}"
EndProject
Global
	GlobalSection(SolutionConfigurationPlatforms) = preSolution
		Debug|Any CPU = Debug|Any CPU
		Release|Any CPU = Release|Any CPU
	EndGlobalSection
	GlobalSection(ProjectConfigurationPlatforms) = postSolution
		{B16EFCE1-C97C-42E2-97A0-FF4E113D17B9}.Debug|Any CPU.ActiveCfg = Debug|Any CPU
		{B16EFCE1-C97C-42E2-97A0-FF4E113D17B9}.Debug|Any CPU.Build.0 = Debug|Any CPU
		{B16EFCE1-C97C-42E2-97A0-FF4E113D17B9}.Release|Any CPU.ActiveCfg = Release|Any CPU
		{B16EFCE1-C97C-42E2-97A0-FF4E113D17B9}.Release|Any CPU.Build.0 = Release|Any CPU
	EndGlobalSection
	GlobalSection(SolutionProperties) = preSolution
		HideSolutionNode = FALSE
	EndGlobalSection
	GlobalSection(ExtensibilityGlobals) = postSolution
		SolutionGuid = {E1D18D9D-87BD-41CB-B7BC-2F0FFED58F87}
	EndGlobalSection
EndGlobal
